
Microsoft Visual Studio Solution File, Format Version 12.00
# Visual Studio Version 17
VisualStudioVersion = 17.4.33213.308
MinimumVisualStudioVersion = 10.0.40219.1
Project("{9A19103F-16F7-4668-BE54-9A1E7A4F7556}") = "WebApplication3", "WebApplication3\WebApplication3.csproj", "{450C88AB-D99B-4F7A-AC4E-FCC7F34680C1}"
EndProject
Project("{9A19103F-16F7-4668-BE54-9A1E7A4F7556}") = "WinForms", "WinForms\WinForms.csproj", "{D9FE3A4C-B875-48AE-B67A-4BF8CE4D68CF}"
EndProject
Project("{9A19103F-16F7-4668-BE54-9A1E7A4F7556}") = "ConsoleApp", "ConsoleApp\ConsoleApp.csproj", "{580075A4-3A49-4D8C-A827-9E25AC5FACC8}"
EndProject
Project("{9A19103F-16F7-4668-BE54-9A1E7A4F7556}") = "Models", "Models\Models.csproj", "{949D4EE1-194E-415B-B1A0-2FF85AED11F1}"
EndProject
Project("{FAE04EC0-301F-11D3-BF4B-00C04F79EFBC}") = "WebApplicationMVC", "WebApplicationMVC\WebApplicationMVC.csproj", "{15018726-B7FF-4F71-AA80-A053C7DA082E}"
EndProject
Global
	GlobalSection(SolutionConfigurationPlatforms) = preSolution
		Debug|Any CPU = Debug|Any CPU
		Release|Any CPU = Release|Any CPU
	EndGlobalSection
	GlobalSection(ProjectConfigurationPlatforms) = postSolution
		{450C88AB-D99B-4F7A-AC4E-FCC7F34680C1}.Debug|Any CPU.ActiveCfg = Debug|Any CPU
		{450C88AB-D99B-4F7A-AC4E-FCC7F34680C1}.Debug|Any CPU.Build.0 = Debug|Any CPU
		{450C88AB-D99B-4F7A-AC4E-FCC7F34680C1}.Release|Any CPU.ActiveCfg = Release|Any CPU
		{450C88AB-D99B-4F7A-AC4E-FCC7F34680C1}.Release|Any CPU.Build.0 = Release|Any CPU
		{D9FE3A4C-B875-48AE-B67A-4BF8CE4D68CF}.Debug|Any CPU.ActiveCfg = Debug|Any CPU
		{D9FE3A4C-B875-48AE-B67A-4BF8CE4D68CF}.Debug|Any CPU.Build.0 = Debug|Any CPU
		{D9FE3A4C-B875-48AE-B67A-4BF8CE4D68CF}.Release|Any CPU.ActiveCfg = Release|Any CPU
		{D9FE3A4C-B875-48AE-B67A-4BF8CE4D68CF}.Release|Any CPU.Build.0 = Release|Any CPU
		{580075A4-3A49-4D8C-A827-9E25AC5FACC8}.Debug|Any CPU.ActiveCfg = Debug|Any CPU
		{580075A4-3A49-4D8C-A827-9E25AC5FACC8}.Debug|Any CPU.Build.0 = Debug|Any CPU
		{580075A4-3A49-4D8C-A827-9E25AC5FACC8}.Release|Any CPU.ActiveCfg = Release|Any CPU
		{580075A4-3A49-4D8C-A827-9E25AC5FACC8}.Release|Any CPU.Build.0 = Release|Any CPU
		{949D4EE1-194E-415B-B1A0-2FF85AED11F1}.Debug|Any CPU.ActiveCfg = Debug|Any CPU
		{949D4EE1-194E-415B-B1A0-2FF85AED11F1}.Debug|Any CPU.Build.0 = Debug|Any CPU
		{949D4EE1-194E-415B-B1A0-2FF85AED11F1}.Release|Any CPU.ActiveCfg = Release|Any CPU
		{949D4EE1-194E-415B-B1A0-2FF85AED11F1}.Release|Any CPU.Build.0 = Release|Any CPU
		{15018726-B7FF-4F71-AA80-A053C7DA082E}.Debug|Any CPU.ActiveCfg = Debug|Any CPU
		{15018726-B7FF-4F71-AA80-A053C7DA082E}.Debug|Any CPU.Build.0 = Debug|Any CPU
		{15018726-B7FF-4F71-AA80-A053C7DA082E}.Release|Any CPU.ActiveCfg = Release|Any CPU
		{15018726-B7FF-4F71-AA80-A053C7DA082E}.Release|Any CPU.Build.0 = Release|Any CPU
	EndGlobalSection
	GlobalSection(SolutionProperties) = preSolution
		HideSolutionNode = FALSE
	EndGlobalSection
	GlobalSection(ExtensibilityGlobals) = postSolution
		SolutionGuid = {6BC7E12A-A3B6-4A9C-86EB-913116B2FB22}
	EndGlobalSection
EndGlobal
